<?xml version="1.0" encoding="utf-8"?>
<Project ToolsVersion="4.0" xmlns="http://schemas.microsoft.com/developer/msbuild/2003">
  <ItemGroup>
    <Filter Include="Source Files">
      <UniqueIdentifier>{4FC737F1-C7A5-4376-A066-2A32D752A2FF}</UniqueIdentifier>
      <Extensions>cpp;c;cc;cxx;def;odl;idl;hpj;bat;asm;asmx</Extensions>
    </Filter>
    <Filter Include="Header Files">
      <UniqueIdentifier>{93995380-89BD-4b04-88EB-625FBE52EBFB}</UniqueIdentifier>
      <Extensions>h;hh;hpp;hxx;hm;inl;inc;xsd</Extensions>
    </Filter>
    <Filter Include="Source Files\Common">
      <UniqueIdentifier>{0ecae2be-b6b6-4ee2-bcb2-9252f189acca}</UniqueIdentifier>
    </Filter>
    <Filter Include="Header Files\Common">
      <UniqueIdentifier>{8b5e9b37-079d-4c08-99b0-c05b88543b70}</UniqueIdentifier>
    </Filter>
    <Filter Include="Source Files\Network">
      <UniqueIdentifier>{d2399894-b1e4-4a31-86ac-a4fa3a1b7e76}</UniqueIdentifier>
    </Filter>
    <Filter Include="Header Files\Network">
      <UniqueIdentifier>{d03ff7f7-63d1-43a7-b2cc-4b585130f545}</UniqueIdentifier>
    </Filter>
    <Filter Include="Source Files\Lobby Server">
      <UniqueIdentifier>{92e2e64a-8125-49a7-8eb0-5e96f8d7d7d0}</UniqueIdentifier>
    </Filter>
    <Filter Include="Header Files\Lobby Server">
      <UniqueIdentifier>{5f4b890f-79df-40dc-971a-5463a861107f}</UniqueIdentifier>
    </Filter>
    <Filter Include="Header Files\Game">
      <UniqueIdentifier>{39350066-8ddc-4899-8102-5f346667aa37}</UniqueIdentifier>
    </Filter>
    <Filter Include="Source Files\Game">
      <UniqueIdentifier>{3b0176b6-97aa-4e67-ab27-60626f71b573}</UniqueIdentifier>
    </Filter>
    <Filter Include="Header Files\Crypto">
      <UniqueIdentifier>{a8fcffaa-8fc1-4dbc-a005-b5ddb78ee586}</UniqueIdentifier>
    </Filter>
    <Filter Include="Source Files\Crypto">
      <UniqueIdentifier>{845ad25e-a3d9-42ac-826b-43ddeb655c25}</UniqueIdentifier>
    </Filter>
    <Filter Include="Header Files\Discovery Server">
      <UniqueIdentifier>{d2bb2db4-f015-43f6-a014-6c5d3d620ba4}</UniqueIdentifier>
    </Filter>
    <Filter Include="Source Files\Discovery Server">
      <UniqueIdentifier>{76928587-566c-4842-9fa3-1a5baec12238}</UniqueIdentifier>
    </Filter>
    <Filter Include="Source Files\Network\Event">
      <UniqueIdentifier>{a72820fb-0d67-45e0-91f3-b7d7b6b61465}</UniqueIdentifier>
    </Filter>
    <Filter Include="Header Files\Network\Event">
      <UniqueIdentifier>{48da1e06-b5a7-49cd-b264-12389d181a65}</UniqueIdentifier>
    </Filter>
    <Filter Include="Dependency">
      <UniqueIdentifier>{f3eef755-c7e8-4aa0-9b12-18defb183e51}</UniqueIdentifier>
    </Filter>
    <Filter Include="Header Files\Database">
      <UniqueIdentifier>{72ca5d8f-75d7-45b0-92fe-890fe17b53e8}</UniqueIdentifier>
    </Filter>
    <Filter Include="Source Files\Database">
      <UniqueIdentifier>{2de5b54c-130c-46a4-a16b-ee1c841c7b48}</UniqueIdentifier>
    </Filter>
    <Filter Include="Dependency\sqlite3">
      <UniqueIdentifier>{9a0761e6-3beb-491a-9c4c-8e8fc3c8baf5}</UniqueIdentifier>
    </Filter>
  </ItemGroup>
  <ItemGroup>
    <ClInclude Include="stdafx.h">
      <Filter>Header Files</Filter>
    </ClInclude>
    <ClInclude Include="targetver.h">
      <Filter>Header Files</Filter>
    </ClInclude>
    <ClInclude Include="network\RealmSocket.h">
      <Filter>Header Files\Network</Filter>
    </ClInclude>
    <ClInclude Include="resource.h">
      <Filter>Header Files</Filter>
    </ClInclude>
    <ClInclude Include="logging.h">
      <Filter>Header Files</Filter>
    </ClInclude>
    <ClInclude Include="Network\GenericNetRequest.h">
      <Filter>Header Files\Network</Filter>
    </ClInclude>
    <ClInclude Include="Network\GenericNetResponse.h">
      <Filter>Header Files\Network</Filter>
    </ClInclude>
    <ClInclude Include="Lobby Server\LobbyServer.h">
      <Filter>Header Files\Lobby Server</Filter>
    </ClInclude>
    <ClInclude Include="Game\RealmUser.h">
      <Filter>Header Files\Game</Filter>
    </ClInclude>
    <ClInclude Include="Game\RealmUserManager.h">
      <Filter>Header Files\Game</Filter>
    </ClInclude>
    <ClInclude Include="Crypto\rijndael.h">
      <Filter>Header Files\Crypto</Filter>
    </ClInclude>
    <ClInclude Include="Discovery Server\DiscoveryServer.h">
      <Filter>Header Files\Discovery Server</Filter>
    </ClInclude>
    <ClInclude Include="Game\GameSession.h">
      <Filter>Header Files\Game</Filter>
    </ClInclude>
    <ClInclude Include="Game\GameSessionManager.h">
      <Filter>Header Files\Game</Filter>
    </ClInclude>
    <ClInclude Include="Network\GenericNetMessage.h">
      <Filter>Header Files\Network</Filter>
    </ClInclude>
    <ClInclude Include="configuration.h">
      <Filter>Header Files</Filter>
    </ClInclude>
    <ClInclude Include="Crypto\RealmCrypt.h">
      <Filter>Header Files\Crypto</Filter>
    </ClInclude>
    <ClInclude Include="Network\Event\NotifyClientDiscovered.h">
      <Filter>Header Files\Network\Event</Filter>
    </ClInclude>
    <ClInclude Include="Network\Event\NotifyClientRequestConnect.h">
      <Filter>Header Files\Network\Event</Filter>
    </ClInclude>
    <ClInclude Include="Network\Event\NotifyGameDiscovered.h">
      <Filter>Header Files\Network\Event</Filter>
    </ClInclude>
    <ClInclude Include="Network\Event\RequestGetNetCharacterList_RTA.h">
      <Filter>Header Files\Network\Event</Filter>
    </ClInclude>
    <ClInclude Include="Network\Event\Request_5D.h">
      <Filter>Header Files\Network\Event</Filter>
    </ClInclude>
    <ClInclude Include="Network\Event\Request_61.h">
      <Filter>Header Files\Network\Event</Filter>
    </ClInclude>
    <ClInclude Include="Network\Event\RequestCancelGame.h">
      <Filter>Header Files\Network\Event</Filter>
    </ClInclude>
    <ClInclude Include="Network\Event\RequestCreateAccount.h">
      <Filter>Header Files\Network\Event</Filter>
    </ClInclude>
    <ClInclude Include="Network\Event\RequestCreatePrivateGame.h">
      <Filter>Header Files\Network\Event</Filter>
    </ClInclude>
    <ClInclude Include="Network\Event\RequestCreatePrivateGame_RTA.h">
      <Filter>Header Files\Network\Event</Filter>
    </ClInclude>
    <ClInclude Include="Network\Event\RequestCreatePublicGame.h">
      <Filter>Header Files\Network\Event</Filter>
    </ClInclude>
    <ClInclude Include="Network\Event\RequestCreatePublicGame_RTA.h">
      <Filter>Header Files\Network\Event</Filter>
    </ClInclude>
    <ClInclude Include="Network\Event\RequestDoClientDiscovery.h">
      <Filter>Header Files\Network\Event</Filter>
    </ClInclude>
    <ClInclude Include="Network\Event\RequestEnterRoom.h">
      <Filter>Header Files\Network\Event</Filter>
    </ClInclude>
    <ClInclude Include="Network\Event\RequestGetEncryptionKey.h">
      <Filter>Header Files\Network\Event</Filter>
    </ClInclude>
    <ClInclude Include="Network\Event\RequestGetGame.h">
      <Filter>Header Files\Network\Event</Filter>
    </ClInclude>
    <ClInclude Include="Network\Event\RequestGetPublicRooms.h">
      <Filter>Header Files\Network\Event</Filter>
    </ClInclude>
    <ClInclude Include="Network\Event\RequestGetRealmStats.h">
      <Filter>Header Files\Network\Event</Filter>
    </ClInclude>
    <ClInclude Include="Network\Event\RequestGetRules.h">
      <Filter>Header Files\Network\Event</Filter>
    </ClInclude>
    <ClInclude Include="Network\Event\RequestGetServerAddress.h">
      <Filter>Header Files\Network\Event</Filter>
    </ClInclude>
    <ClInclude Include="Network\Event\RequestLogin.h">
      <Filter>Header Files\Network\Event</Filter>
    </ClInclude>
    <ClInclude Include="Network\Event\RequestLogout.h">
      <Filter>Header Files\Network\Event</Filter>
    </ClInclude>
    <ClInclude Include="Network\Event\RequestMatchGame.h">
      <Filter>Header Files\Network\Event</Filter>
    </ClInclude>
    <ClInclude Include="Network\Event\RequestMatchGame_RTA.h">
      <Filter>Header Files\Network\Event</Filter>
    </ClInclude>
    <ClInclude Include="Network\Event\RequestTouchSession.h">
      <Filter>Header Files\Network\Event</Filter>
    </ClInclude>
    <ClInclude Include="Network\Event\RequestUpdateGameData.h">
      <Filter>Header Files\Network\Event</Filter>
    </ClInclude>
    <ClInclude Include="Network\Events.h">
      <Filter>Header Files\Network</Filter>
    </ClInclude>
    <ClInclude Include="Network\Event\RequestCreateNewCharacter_RTA.h">
      <Filter>Header Files\Network\Event</Filter>
    </ClInclude>
    <ClInclude Include="Network\Event\RequestGetGame_RTA.h">
      <Filter>Header Files\Network\Event</Filter>
    </ClInclude>
    <ClInclude Include="Network\Event\RequestCreatePrivateRoom.h">
      <Filter>Header Files\Network\Event</Filter>
    </ClInclude>
    <ClInclude Include="Network\Event\RequestCancelGame_RTA.h">
      <Filter>Header Files\Network\Event</Filter>
    </ClInclude>
    <ClInclude Include="Game\ChatRoomSession.h">
      <Filter>Header Files\Game</Filter>
    </ClInclude>
    <ClInclude Include="Game\ChatRoomManager.h">
      <Filter>Header Files\Game</Filter>
    </ClInclude>
    <ClInclude Include="Network\Event\RequestGetRoom.h">
      <Filter>Header Files\Network\Event</Filter>
    </ClInclude>
    <ClInclude Include="Network\Event\Notify_4C.h">
      <Filter>Header Files\Network\Event</Filter>
    </ClInclude>
    <ClInclude Include="Network\Event\NotifyForcedLogout.h">
      <Filter>Header Files\Network\Event</Filter>
    </ClInclude>
    <ClInclude Include="Network\Event\NotifyClientRequestConnect_RTA.h">
      <Filter>Header Files\Network\Event</Filter>
    </ClInclude>
    <ClInclude Include="Network\Event\NotifyReserveUserSlot_RTA.h">
      <Filter>Header Files\Network\Event</Filter>
    </ClInclude>
    <ClInclude Include="Network\Event\RequestGetCharacterData_RTA.h">
      <Filter>Header Files\Network\Event</Filter>
    </ClInclude>
    <ClInclude Include="Database\Database.h">
      <Filter>Header Files\Database</Filter>
    </ClInclude>
    <ClInclude Include="Game\RealmCharacter.h">
      <Filter>Header Files\Game</Filter>
    </ClInclude>
    <ClInclude Include="Game\RealmCharacterMetaKV.h">
      <Filter>Header Files\Game</Filter>
    </ClInclude>
    <ClInclude Include="Common\ByteStream.h">
      <Filter>Header Files\Common</Filter>
    </ClInclude>
    <ClInclude Include="Common\Constant.h">
      <Filter>Header Files\Common</Filter>
    </ClInclude>
    <ClInclude Include="Common\Utility.h">
      <Filter>Header Files\Common</Filter>
    </ClInclude>
    <ClInclude Include="Crypto\PasswordHash.h">
      <Filter>Header Files\Crypto</Filter>
    </ClInclude>
    <ClInclude Include="Network\Event\NotifyClientDiscovered_RTA.h">
      <Filter>Header Files\Network\Event</Filter>
    </ClInclude>
    <ClInclude Include="Network\Event\Request_5F.h">
      <Filter>Header Files\Network\Event</Filter>
    </ClInclude>
    <ClInclude Include="Network\Event\RequestSaveCharacter_RTA.h">
      <Filter>Header Files\Network\Event</Filter>
    </ClInclude>
    <ClInclude Include="Common\RLEZ.hpp">
      <Filter>Header Files\Common</Filter>
    </ClInclude>
    <ClInclude Include="Network\Event\RequestStartGame.h">
      <Filter>Header Files\Network\Event</Filter>
    </ClInclude>
  </ItemGroup>
  <ItemGroup>
    <ClCompile Include="stdafx.cpp">
      <Filter>Source Files</Filter>
    </ClCompile>
    <ClCompile Include="main.cpp">
      <Filter>Source Files</Filter>
    </ClCompile>
    <ClCompile Include="logging.cpp">
      <Filter>Source Files</Filter>
    </ClCompile>
    <ClCompile Include="network\RealmSocket.cpp">
      <Filter>Source Files\Network</Filter>
    </ClCompile>
    <ClCompile Include="Lobby Server\LobbyServer.cpp">
      <Filter>Source Files\Lobby Server</Filter>
    </ClCompile>
    <ClCompile Include="Game\RealmUser.cpp">
      <Filter>Source Files\Game</Filter>
    </ClCompile>
    <ClCompile Include="Game\RealmUserManager.cpp">
      <Filter>Source Files\Game</Filter>
    </ClCompile>
    <ClCompile Include="Crypto\rijndael.cpp">
      <Filter>Source Files\Crypto</Filter>
    </ClCompile>
    <ClCompile Include="Discovery Server\DiscoveryServer.cpp">
      <Filter>Source Files\Discovery Server</Filter>
    </ClCompile>
    <ClCompile Include="Game\GameSession.cpp">
      <Filter>Source Files\Game</Filter>
    </ClCompile>
    <ClCompile Include="Game\GameSessionManager.cpp">
      <Filter>Source Files\Game</Filter>
    </ClCompile>
    <ClCompile Include="configuration.cpp">
      <Filter>Source Files</Filter>
    </ClCompile>
    <ClCompile Include="Crypto\RealmCrypt.cpp">
      <Filter>Source Files\Crypto</Filter>
    </ClCompile>
    <ClCompile Include="Network\Event\NotifyClientDiscovered.cpp">
      <Filter>Source Files\Network\Event</Filter>
    </ClCompile>
    <ClCompile Include="Network\Event\NotifyClientRequestConnect.cpp">
      <Filter>Source Files\Network\Event</Filter>
    </ClCompile>
    <ClCompile Include="Network\Event\NotifyGameDiscovered.cpp">
      <Filter>Source Files\Network\Event</Filter>
    </ClCompile>
    <ClCompile Include="Network\Event\RequestGetPublicRooms.cpp">
      <Filter>Source Files\Network\Event</Filter>
    </ClCompile>
    <ClCompile Include="Network\Event\RequestGetNetCharacterList_RTA.cpp">
      <Filter>Source Files\Network\Event</Filter>
    </ClCompile>
    <ClCompile Include="Network\Event\Request_5D.cpp">
      <Filter>Source Files\Network\Event</Filter>
    </ClCompile>
    <ClCompile Include="Network\Event\RequestMatchGame_RTA.cpp">
      <Filter>Source Files\Network\Event</Filter>
    </ClCompile>
    <ClCompile Include="Network\Event\Request_61.cpp">
      <Filter>Source Files\Network\Event</Filter>
    </ClCompile>
    <ClCompile Include="Network\Event\RequestCancelGame.cpp">
      <Filter>Source Files\Network\Event</Filter>
    </ClCompile>
    <ClCompile Include="Network\Event\RequestCreateAccount.cpp">
      <Filter>Source Files\Network\Event</Filter>
    </ClCompile>
    <ClCompile Include="Network\Event\RequestCreatePrivateGame.cpp">
      <Filter>Source Files\Network\Event</Filter>
    </ClCompile>
    <ClCompile Include="Network\Event\RequestCreatePrivateGame_RTA.cpp">
      <Filter>Source Files\Network\Event</Filter>
    </ClCompile>
    <ClCompile Include="Network\Event\RequestCreatePublicGame.cpp">
      <Filter>Source Files\Network\Event</Filter>
    </ClCompile>
    <ClCompile Include="Network\Event\RequestCreatePublicGame_RTA.cpp">
      <Filter>Source Files\Network\Event</Filter>
    </ClCompile>
    <ClCompile Include="Network\Event\RequestDoClientDiscovery.cpp">
      <Filter>Source Files\Network\Event</Filter>
    </ClCompile>
    <ClCompile Include="Network\Event\RequestEnterRoom.cpp">
      <Filter>Source Files\Network\Event</Filter>
    </ClCompile>
    <ClCompile Include="Network\Event\RequestGetEncryptionKey.cpp">
      <Filter>Source Files\Network\Event</Filter>
    </ClCompile>
    <ClCompile Include="Network\Event\RequestGetGame.cpp">
      <Filter>Source Files\Network\Event</Filter>
    </ClCompile>
    <ClCompile Include="Network\Event\RequestGetRealmStats.cpp">
      <Filter>Source Files\Network\Event</Filter>
    </ClCompile>
    <ClCompile Include="Network\Event\RequestGetRules.cpp">
      <Filter>Source Files\Network\Event</Filter>
    </ClCompile>
    <ClCompile Include="Network\Event\RequestGetServerAddress.cpp">
      <Filter>Source Files\Network\Event</Filter>
    </ClCompile>
    <ClCompile Include="Network\Event\RequestLogin.cpp">
      <Filter>Source Files\Network\Event</Filter>
    </ClCompile>
    <ClCompile Include="Network\Event\RequestLogout.cpp">
      <Filter>Source Files\Network\Event</Filter>
    </ClCompile>
    <ClCompile Include="Network\Event\RequestMatchGame.cpp">
      <Filter>Source Files\Network\Event</Filter>
    </ClCompile>
    <ClCompile Include="Network\Event\RequestTouchSession.cpp">
      <Filter>Source Files\Network\Event</Filter>
    </ClCompile>
    <ClCompile Include="Network\Event\RequestUpdateGameData.cpp">
      <Filter>Source Files\Network\Event</Filter>
    </ClCompile>
    <ClCompile Include="Network\Event\RequestCreateNewCharacter_RTA.cpp">
      <Filter>Source Files\Network\Event</Filter>
    </ClCompile>
    <ClCompile Include="Network\Event\RequestGetGame_RTA.cpp">
      <Filter>Source Files\Network\Event</Filter>
    </ClCompile>
    <ClCompile Include="Network\Event\RequestCreatePrivateRoom.cpp">
      <Filter>Source Files\Network\Event</Filter>
    </ClCompile>
    <ClCompile Include="Network\Event\RequestCancelGame_RTA.cpp">
      <Filter>Source Files\Network\Event</Filter>
    </ClCompile>
    <ClCompile Include="Game\ChatRoom.cpp">
      <Filter>Source Files\Game</Filter>
    </ClCompile>
    <ClCompile Include="Game\ChatRoomManager.cpp">
      <Filter>Source Files\Game</Filter>
    </ClCompile>
    <ClCompile Include="Network\Event\RequestGetRoom.cpp">
      <Filter>Source Files\Network\Event</Filter>
    </ClCompile>
    <ClCompile Include="Network\Event\Notify_4C.cpp">
      <Filter>Source Files\Network\Event</Filter>
    </ClCompile>
    <ClCompile Include="Network\Event\NotifyForcedLogout.cpp">
      <Filter>Source Files\Network\Event</Filter>
    </ClCompile>
    <ClCompile Include="Network\Event\NotifyClientRequestConnect_RTA.cpp">
      <Filter>Source Files\Network\Event</Filter>
    </ClCompile>
    <ClCompile Include="Network\Event\NotifyReserveUserSlot_RTA.cpp">
      <Filter>Source Files\Network\Event</Filter>
    </ClCompile>
    <ClCompile Include="Network\Event\RequestGetCharacterData_RTA.cpp">
      <Filter>Source Files\Network\Event</Filter>
    </ClCompile>
    <ClCompile Include="Database\Database.cpp">
      <Filter>Source Files\Database</Filter>
    </ClCompile>
    <ClCompile Include="Dependency\sqlite\sqlite3.c">
      <Filter>Dependency\sqlite3</Filter>
    </ClCompile>
    <ClCompile Include="Network\GenericNetRequest.cpp">
      <Filter>Source Files</Filter>
    </ClCompile>
    <ClCompile Include="Game\RealmCharacter.cpp">
      <Filter>Source Files\Game</Filter>
    </ClCompile>
    <ClCompile Include="Game\RealmCharacterMetaKV.cpp">
      <Filter>Source Files\Game</Filter>
    </ClCompile>
    <ClCompile Include="Common\ByteStream.cpp">
      <Filter>Source Files\Common</Filter>
    </ClCompile>
    <ClCompile Include="Common\Utility.cpp">
      <Filter>Source Files\Common</Filter>
    </ClCompile>
    <ClCompile Include="Crypto\PasswordHash.cpp">
      <Filter>Source Files\Crypto</Filter>
    </ClCompile>
    <ClCompile Include="Network\Event\NotifyClientDiscovered_RTA.cpp">
      <Filter>Source Files\Network\Event</Filter>
    </ClCompile>
    <ClCompile Include="Network\Event\Request_5F.cpp">
      <Filter>Source Files\Network\Event</Filter>
    </ClCompile>
    <ClCompile Include="Network\Event\RequestSaveCharacter_RTA.cpp">
      <Filter>Source Files\Network\Event</Filter>
    </ClCompile>
    <ClCompile Include="Network\Event\RequestStartGame.cpp">
      <Filter>Source Files\Network\Event</Filter>
    </ClCompile>
  </ItemGroup>
  <ItemGroup>
    <ResourceCompile Include="Norrath Server.rc" />
  </ItemGroup>
  <ItemGroup>
    <Image Include="C:\Users\Adam\Desktop\icon.ico" />
  </ItemGroup>
</Project>