<?xml version="1.0" encoding="utf-8"?>
<Project ToolsVersion="4.0" xmlns="http://schemas.microsoft.com/developer/msbuild/2003">
  <ItemGroup>
    <Filter Include="Source Files">
      <UniqueIdentifier>{4FC737F1-C7A5-4376-A066-2A32D752A2FF}</UniqueIdentifier>
      <Extensions>cpp;c;cc;cxx;def;odl;idl;hpj;bat;asm;asmx</Extensions>
    </Filter>
    <Filter Include="Header Files">
      <UniqueIdentifier>{93995380-89BD-4b04-88EB-625FBE52EBFB}</UniqueIdentifier>
      <Extensions>h;hh;hpp;hxx;hm;inl;inc;xsd</Extensions>
    </Filter>
    <Filter Include="Source Files\Common">
      <UniqueIdentifier>{0ecae2be-b6b6-4ee2-bcb2-9252f189acca}</UniqueIdentifier>
    </Filter>
    <Filter Include="Header Files\Common">
      <UniqueIdentifier>{8b5e9b37-079d-4c08-99b0-c05b88543b70}</UniqueIdentifier>
    </Filter>
    <Filter Include="Source Files\Network">
      <UniqueIdentifier>{d2399894-b1e4-4a31-86ac-a4fa3a1b7e76}</UniqueIdentifier>
    </Filter>
    <Filter Include="Header Files\Network">
      <UniqueIdentifier>{d03ff7f7-63d1-43a7-b2cc-4b585130f545}</UniqueIdentifier>
    </Filter>
    <Filter Include="Source Files\Lobby Server">
      <UniqueIdentifier>{92e2e64a-8125-49a7-8eb0-5e96f8d7d7d0}</UniqueIdentifier>
    </Filter>
    <Filter Include="Header Files\Lobby Server">
      <UniqueIdentifier>{5f4b890f-79df-40dc-971a-5463a861107f}</UniqueIdentifier>
    </Filter>
    <Filter Include="Header Files\Game">
      <UniqueIdentifier>{39350066-8ddc-4899-8102-5f346667aa37}</UniqueIdentifier>
    </Filter>
    <Filter Include="Source Files\Game">
      <UniqueIdentifier>{3b0176b6-97aa-4e67-ab27-60626f71b573}</UniqueIdentifier>
    </Filter>
    <Filter Include="Header Files\Crypto">
      <UniqueIdentifier>{a8fcffaa-8fc1-4dbc-a005-b5ddb78ee586}</UniqueIdentifier>
    </Filter>
    <Filter Include="Source Files\Crypto">
      <UniqueIdentifier>{845ad25e-a3d9-42ac-826b-43ddeb655c25}</UniqueIdentifier>
    </Filter>
    <Filter Include="Header Files\Discovery Server">
      <UniqueIdentifier>{d2bb2db4-f015-43f6-a014-6c5d3d620ba4}</UniqueIdentifier>
    </Filter>
    <Filter Include="Source Files\Discovery Server">
      <UniqueIdentifier>{76928587-566c-4842-9fa3-1a5baec12238}</UniqueIdentifier>
    </Filter>
    <Filter Include="Header Files\Lobby Server\Event">
      <UniqueIdentifier>{fe6aba50-18f0-46a1-b154-4226b3ca42ab}</UniqueIdentifier>
    </Filter>
    <Filter Include="Source Files\Lobby Server\Event">
      <UniqueIdentifier>{6432e486-7341-4eb8-a6c0-c21ecd2e92f8}</UniqueIdentifier>
    </Filter>
  </ItemGroup>
  <ItemGroup>
    <ClInclude Include="stdafx.h">
      <Filter>Header Files</Filter>
    </ClInclude>
    <ClInclude Include="targetver.h">
      <Filter>Header Files</Filter>
    </ClInclude>
    <ClInclude Include="network\RealmSocket.h">
      <Filter>Header Files\Network</Filter>
    </ClInclude>
    <ClInclude Include="global_define.h">
      <Filter>Header Files</Filter>
    </ClInclude>
    <ClInclude Include="misc\Utility.h">
      <Filter>Header Files\Common</Filter>
    </ClInclude>
    <ClInclude Include="resource.h">
      <Filter>Header Files</Filter>
    </ClInclude>
    <ClInclude Include="misc\ByteStream.h">
      <Filter>Header Files\Common</Filter>
    </ClInclude>
    <ClInclude Include="logging.h">
      <Filter>Header Files</Filter>
    </ClInclude>
    <ClInclude Include="Network\GenericNetRequest.hpp">
      <Filter>Header Files\Network</Filter>
    </ClInclude>
    <ClInclude Include="Network\GenericNetResponse.hpp">
      <Filter>Header Files\Network</Filter>
    </ClInclude>
    <ClInclude Include="Lobby Server\LobbyServer.h">
      <Filter>Header Files\Lobby Server</Filter>
    </ClInclude>
    <ClInclude Include="Game\RealmUser.h">
      <Filter>Header Files\Game</Filter>
    </ClInclude>
    <ClInclude Include="Game\RealmUserManager.h">
      <Filter>Header Files\Game</Filter>
    </ClInclude>
    <ClInclude Include="Crypto\rijndael.h">
      <Filter>Header Files\Crypto</Filter>
    </ClInclude>
    <ClInclude Include="Lobby Server\LobbyEvents.h">
      <Filter>Header Files\Lobby Server</Filter>
    </ClInclude>
    <ClInclude Include="Discovery Server\DiscoveryServer.h">
      <Filter>Header Files\Discovery Server</Filter>
    </ClInclude>
    <ClInclude Include="Game\GameSession.h">
      <Filter>Header Files\Game</Filter>
    </ClInclude>
    <ClInclude Include="Game\GameSessionManager.h">
      <Filter>Header Files\Game</Filter>
    </ClInclude>
    <ClInclude Include="Lobby Server\Event\RequestCancelGame.h">
      <Filter>Header Files\Lobby Server\Event</Filter>
    </ClInclude>
    <ClInclude Include="Lobby Server\Event\RequestCreateAccount.h">
      <Filter>Header Files\Lobby Server\Event</Filter>
    </ClInclude>
    <ClInclude Include="Lobby Server\Event\RequestCreatePrivateGame.h">
      <Filter>Header Files\Lobby Server\Event</Filter>
    </ClInclude>
    <ClInclude Include="Lobby Server\Event\RequestCreatePublicGame.h">
      <Filter>Header Files\Lobby Server\Event</Filter>
    </ClInclude>
    <ClInclude Include="Lobby Server\Event\RequestDoClientDiscovery.h">
      <Filter>Header Files\Lobby Server\Event</Filter>
    </ClInclude>
    <ClInclude Include="Lobby Server\Event\RequestGetEncryptionKey.h">
      <Filter>Header Files\Lobby Server\Event</Filter>
    </ClInclude>
    <ClInclude Include="Lobby Server\Event\RequestGetRules.h">
      <Filter>Header Files\Lobby Server\Event</Filter>
    </ClInclude>
    <ClInclude Include="Lobby Server\Event\RequestLogin.h">
      <Filter>Header Files\Lobby Server\Event</Filter>
    </ClInclude>
    <ClInclude Include="Lobby Server\Event\RequestLogout.h">
      <Filter>Header Files\Lobby Server\Event</Filter>
    </ClInclude>
    <ClInclude Include="Lobby Server\Event\RequestMatchGame.h">
      <Filter>Header Files\Lobby Server\Event</Filter>
    </ClInclude>
    <ClInclude Include="Lobby Server\Event\RequestTouchSession.h">
      <Filter>Header Files\Lobby Server\Event</Filter>
    </ClInclude>
    <ClInclude Include="Lobby Server\Event\NotifyClientDiscovered.h">
      <Filter>Header Files\Lobby Server\Event</Filter>
    </ClInclude>
    <ClInclude Include="Lobby Server\Event\NotifyClientReqConnect.h">
      <Filter>Header Files\Lobby Server\Event</Filter>
    </ClInclude>
    <ClInclude Include="Lobby Server\Event\NotifyGameDiscovered.h">
      <Filter>Header Files\Lobby Server\Event</Filter>
    </ClInclude>
    <ClInclude Include="Network\GenericNetMessage.hpp">
      <Filter>Header Files\Network</Filter>
    </ClInclude>
    <ClInclude Include="configuration.h">
      <Filter>Header Files</Filter>
    </ClInclude>
    <ClInclude Include="Lobby Server\Event\RequestGetRealmStats.h">
      <Filter>Header Files\Lobby Server\Event</Filter>
    </ClInclude>
    <ClInclude Include="Lobby Server\Event\RequestUpdateGameData.h">
      <Filter>Header Files\Lobby Server\Event</Filter>
    </ClInclude>
    <ClInclude Include="Lobby Server\Event\RequestGetGame.h">
      <Filter>Header Files\Lobby Server\Event</Filter>
    </ClInclude>
    <ClInclude Include="Crypto\RealmCrypt.h">
      <Filter>Header Files\Crypto</Filter>
    </ClInclude>
    <ClInclude Include="Lobby Server\Event\RequestGetServerAddress.h">
      <Filter>Header Files\Lobby Server\Event</Filter>
    </ClInclude>
  </ItemGroup>
  <ItemGroup>
    <ClCompile Include="stdafx.cpp">
      <Filter>Source Files</Filter>
    </ClCompile>
    <ClCompile Include="global_define.cpp">
      <Filter>Source Files</Filter>
    </ClCompile>
    <ClCompile Include="misc\Utility.cpp">
      <Filter>Source Files\Common</Filter>
    </ClCompile>
    <ClCompile Include="main.cpp">
      <Filter>Source Files</Filter>
    </ClCompile>
    <ClCompile Include="misc\ByteStream.cpp">
      <Filter>Source Files\Common</Filter>
    </ClCompile>
    <ClCompile Include="logging.cpp">
      <Filter>Source Files</Filter>
    </ClCompile>
    <ClCompile Include="network\RealmSocket.cpp">
      <Filter>Source Files\Network</Filter>
    </ClCompile>
    <ClCompile Include="Lobby Server\LobbyServer.cpp">
      <Filter>Source Files\Lobby Server</Filter>
    </ClCompile>
    <ClCompile Include="Game\RealmUser.cpp">
      <Filter>Source Files\Game</Filter>
    </ClCompile>
    <ClCompile Include="Game\RealmUserManager.cpp">
      <Filter>Source Files\Game</Filter>
    </ClCompile>
    <ClCompile Include="Crypto\rijndael.cpp">
      <Filter>Source Files\Crypto</Filter>
    </ClCompile>
    <ClCompile Include="Discovery Server\DiscoveryServer.cpp">
      <Filter>Source Files\Discovery Server</Filter>
    </ClCompile>
    <ClCompile Include="Game\GameSession.cpp">
      <Filter>Source Files\Game</Filter>
    </ClCompile>
    <ClCompile Include="Game\GameSessionManager.cpp">
      <Filter>Source Files\Game</Filter>
    </ClCompile>
    <ClCompile Include="Lobby Server\Event\RequestCancelGame.cpp">
      <Filter>Source Files\Lobby Server\Event</Filter>
    </ClCompile>
    <ClCompile Include="Lobby Server\Event\RequestCreateAccount.cpp">
      <Filter>Source Files\Lobby Server\Event</Filter>
    </ClCompile>
    <ClCompile Include="Lobby Server\Event\RequestCreatePrivateGame.cpp">
      <Filter>Source Files\Lobby Server\Event</Filter>
    </ClCompile>
    <ClCompile Include="Lobby Server\Event\RequestCreatePublicGame.cpp">
      <Filter>Source Files\Lobby Server\Event</Filter>
    </ClCompile>
    <ClCompile Include="Lobby Server\Event\RequestDoClientDiscovery.cpp">
      <Filter>Source Files\Lobby Server\Event</Filter>
    </ClCompile>
    <ClCompile Include="Lobby Server\Event\RequestGetEncryptionKey.cpp">
      <Filter>Source Files\Lobby Server\Event</Filter>
    </ClCompile>
    <ClCompile Include="Lobby Server\Event\RequestGetRules.cpp">
      <Filter>Source Files\Lobby Server\Event</Filter>
    </ClCompile>
    <ClCompile Include="Lobby Server\Event\RequestLogin.cpp">
      <Filter>Source Files\Lobby Server\Event</Filter>
    </ClCompile>
    <ClCompile Include="Lobby Server\Event\RequestLogout.cpp">
      <Filter>Source Files\Lobby Server\Event</Filter>
    </ClCompile>
    <ClCompile Include="Lobby Server\Event\RequestMatchGame.cpp">
      <Filter>Source Files\Lobby Server\Event</Filter>
    </ClCompile>
    <ClCompile Include="Lobby Server\Event\RequestTouchSession.cpp">
      <Filter>Source Files\Lobby Server\Event</Filter>
    </ClCompile>
    <ClCompile Include="Lobby Server\Event\NotifyClientDiscovered.cpp">
      <Filter>Source Files\Lobby Server\Event</Filter>
    </ClCompile>
    <ClCompile Include="Lobby Server\Event\NotifyClientReqConnect.cpp">
      <Filter>Source Files\Lobby Server\Event</Filter>
    </ClCompile>
    <ClCompile Include="Lobby Server\Event\NotifyGameDiscovered.cpp">
      <Filter>Source Files\Lobby Server\Event</Filter>
    </ClCompile>
    <ClCompile Include="configuration.cpp">
      <Filter>Source Files</Filter>
    </ClCompile>
    <ClCompile Include="Lobby Server\Event\RequestGetRealmStats.cpp">
      <Filter>Source Files\Lobby Server\Event</Filter>
    </ClCompile>
    <ClCompile Include="Lobby Server\Event\RequestUpdateGameData.cpp">
      <Filter>Source Files\Lobby Server\Event</Filter>
    </ClCompile>
    <ClCompile Include="Lobby Server\Event\RequestGetGame.cpp">
      <Filter>Source Files\Lobby Server\Event</Filter>
    </ClCompile>
    <ClCompile Include="Crypto\RealmCrypt.cpp">
      <Filter>Source Files\Crypto</Filter>
    </ClCompile>
    <ClCompile Include="Lobby Server\Event\RequestGetServerAddress.cpp">
      <Filter>Source Files\Lobby Server\Event</Filter>
    </ClCompile>
  </ItemGroup>
  <ItemGroup>
    <ResourceCompile Include="Norrath Server.rc" />
  </ItemGroup>
  <ItemGroup>
    <Image Include="C:\Users\Adam\Desktop\icon.ico" />
  </ItemGroup>
</Project>