<?xml version="1.0" encoding="utf-8"?>
<Project ToolsVersion="4.0" xmlns="http://schemas.microsoft.com/developer/msbuild/2003">
  <ItemGroup>
    <Filter Include="Source Files">
      <UniqueIdentifier>{4FC737F1-C7A5-4376-A066-2A32D752A2FF}</UniqueIdentifier>
      <Extensions>cpp;c;cc;cxx;def;odl;idl;hpj;bat;asm;asmx</Extensions>
    </Filter>
    <Filter Include="Header Files">
      <UniqueIdentifier>{93995380-89BD-4b04-88EB-625FBE52EBFB}</UniqueIdentifier>
      <Extensions>h;hh;hpp;hxx;hm;inl;inc;xsd</Extensions>
    </Filter>
    <Filter Include="Header Files\network">
      <UniqueIdentifier>{d03ff7f7-63d1-43a7-b2cc-4b585130f545}</UniqueIdentifier>
    </Filter>
    <Filter Include="Source Files\network">
      <UniqueIdentifier>{d2399894-b1e4-4a31-86ac-a4fa3a1b7e76}</UniqueIdentifier>
    </Filter>
    <Filter Include="Header Files\game">
      <UniqueIdentifier>{20330632-08bb-481a-bee5-3148c43dd451}</UniqueIdentifier>
    </Filter>
    <Filter Include="Header Files\ui">
      <UniqueIdentifier>{767ee381-3651-4dd0-bc78-7037cefe7006}</UniqueIdentifier>
    </Filter>
    <Filter Include="Source Files\game">
      <UniqueIdentifier>{cfe30c00-4a52-4659-94af-3ac2712690c6}</UniqueIdentifier>
    </Filter>
    <Filter Include="Header Files\misc">
      <UniqueIdentifier>{8b5e9b37-079d-4c08-99b0-c05b88543b70}</UniqueIdentifier>
    </Filter>
    <Filter Include="Source Files\misc">
      <UniqueIdentifier>{0ecae2be-b6b6-4ee2-bcb2-9252f189acca}</UniqueIdentifier>
    </Filter>
    <Filter Include="Source Files\ui">
      <UniqueIdentifier>{4a905260-4faf-4748-be14-8971a80b46b5}</UniqueIdentifier>
    </Filter>
  </ItemGroup>
  <ItemGroup>
    <ClInclude Include="stdafx.h">
      <Filter>Header Files</Filter>
    </ClInclude>
    <ClInclude Include="targetver.h">
      <Filter>Header Files</Filter>
    </ClInclude>
    <ClInclude Include="network\socket.h">
      <Filter>Header Files\network</Filter>
    </ClInclude>
    <ClInclude Include="global_define.h">
      <Filter>Header Files</Filter>
    </ClInclude>
    <ClInclude Include="game\client.h">
      <Filter>Header Files\game</Filter>
    </ClInclude>
    <ClInclude Include="configuration.h">
      <Filter>Header Files</Filter>
    </ClInclude>
    <ClInclude Include="misc\math.h">
      <Filter>Header Files\misc</Filter>
    </ClInclude>
    <ClInclude Include="misc\Timer.h">
      <Filter>Header Files\misc</Filter>
    </ClInclude>
    <ClInclude Include="game\client_manager.h">
      <Filter>Header Files\game</Filter>
    </ClInclude>
    <ClInclude Include="network\socket_manager.h">
      <Filter>Header Files\network</Filter>
    </ClInclude>
    <ClInclude Include="network\packet.h">
      <Filter>Header Files\network</Filter>
    </ClInclude>
    <ClInclude Include="ui\logging.h">
      <Filter>Header Files\ui</Filter>
    </ClInclude>
    <ClInclude Include="misc\threadsafe_queue.hpp">
      <Filter>Header Files\misc</Filter>
    </ClInclude>
    <ClInclude Include="network\protocol_game.h">
      <Filter>Header Files\network</Filter>
    </ClInclude>
    <ClInclude Include="resource.h">
      <Filter>Header Files</Filter>
    </ClInclude>
    <ClInclude Include="misc\Encryptor.h">
      <Filter>Header Files\misc</Filter>
    </ClInclude>
    <ClInclude Include="network\protocol_gateway.h">
      <Filter>Header Files\network</Filter>
    </ClInclude>
    <ClInclude Include="misc\ByteStream.h">
      <Filter>Header Files\misc</Filter>
    </ClInclude>
    <ClInclude Include="misc\AES.h">
      <Filter>Header Files\misc</Filter>
    </ClInclude>
    <ClInclude Include="network\protocol_broker.h">
      <Filter>Header Files\network</Filter>
    </ClInclude>
  </ItemGroup>
  <ItemGroup>
    <ClCompile Include="stdafx.cpp">
      <Filter>Source Files</Filter>
    </ClCompile>
    <ClCompile Include="global_define.cpp">
      <Filter>Source Files</Filter>
    </ClCompile>
    <ClCompile Include="configuration.cpp">
      <Filter>Source Files</Filter>
    </ClCompile>
    <ClCompile Include="game\client.cpp">
      <Filter>Source Files\game</Filter>
    </ClCompile>
    <ClCompile Include="misc\Timer.cpp">
      <Filter>Source Files\misc</Filter>
    </ClCompile>
    <ClCompile Include="misc\math.cpp">
      <Filter>Source Files\misc</Filter>
    </ClCompile>
    <ClCompile Include="game\client_manager.cpp">
      <Filter>Source Files\game</Filter>
    </ClCompile>
    <ClCompile Include="network\socket_manager.cpp">
      <Filter>Source Files\network</Filter>
    </ClCompile>
    <ClCompile Include="network\packet.cpp">
      <Filter>Source Files\network</Filter>
    </ClCompile>
    <ClCompile Include="ui\logging.cpp">
      <Filter>Source Files\ui</Filter>
    </ClCompile>
    <ClCompile Include="main.cpp">
      <Filter>Source Files</Filter>
    </ClCompile>
    <ClCompile Include="network\protocol_gateway.cpp">
      <Filter>Source Files\network</Filter>
    </ClCompile>
    <ClCompile Include="misc\Encryptor.cpp">
      <Filter>Source Files\misc</Filter>
    </ClCompile>
    <ClCompile Include="misc\ByteStream.cpp">
      <Filter>Source Files\misc</Filter>
    </ClCompile>
    <ClCompile Include="network\protocol_game.cpp">
      <Filter>Source Files\network</Filter>
    </ClCompile>
    <ClCompile Include="network\socket.cpp">
      <Filter>Source Files</Filter>
    </ClCompile>
    <ClCompile Include="misc\AES.cpp">
      <Filter>Source Files\misc</Filter>
    </ClCompile>
    <ClCompile Include="network\protocol_broker.cpp">
      <Filter>Source Files\network</Filter>
    </ClCompile>
  </ItemGroup>
  <ItemGroup>
    <ResourceCompile Include="Norrath Server.rc" />
  </ItemGroup>
  <ItemGroup>
    <Image Include="C:\Users\Adam\Desktop\icon.ico" />
  </ItemGroup>
</Project>